// !$*UTF8*$!
{
	archiveVersion = 1;
	classes = {
	};
	objectVersion = 55;
	objects = {

/* Begin PBXBuildFile section */
		BD5A5B8828A95C53004C4212 /* AppDelegate.swift in Sources */ = {isa = PBXBuildFile; fileRef = BD5A5B8728A95C53004C4212 /* AppDelegate.swift */; };
		BD5A5B8A28A95C53004C4212 /* SceneDelegate.swift in Sources */ = {isa = PBXBuildFile; fileRef = BD5A5B8928A95C53004C4212 /* SceneDelegate.swift */; };
		BD5A5B8F28A95C53004C4212 /* Main.storyboard in Resources */ = {isa = PBXBuildFile; fileRef = BD5A5B8D28A95C53004C4212 /* Main.storyboard */; };
		BD5A5B9228A95C53004C4212 /* ToDoAppSample.xcdatamodeld in Sources */ = {isa = PBXBuildFile; fileRef = BD5A5B9028A95C53004C4212 /* ToDoAppSample.xcdatamodeld */; };
		BD5A5B9428A95C55004C4212 /* Assets.xcassets in Resources */ = {isa = PBXBuildFile; fileRef = BD5A5B9328A95C55004C4212 /* Assets.xcassets */; };
		BD5A5B9728A95C55004C4212 /* LaunchScreen.storyboard in Resources */ = {isa = PBXBuildFile; fileRef = BD5A5B9528A95C55004C4212 /* LaunchScreen.storyboard */; };
		BD5A5BA228A95C56004C4212 /* ToDoAppSampleTests.swift in Sources */ = {isa = PBXBuildFile; fileRef = BD5A5BA128A95C56004C4212 /* ToDoAppSampleTests.swift */; };
		BD5A5BAC28A95C56004C4212 /* ToDoAppSampleUITests.swift in Sources */ = {isa = PBXBuildFile; fileRef = BD5A5BAB28A95C56004C4212 /* ToDoAppSampleUITests.swift */; };
		BD5A5BAE28A95C56004C4212 /* ToDoAppSampleUITestsLaunchTests.swift in Sources */ = {isa = PBXBuildFile; fileRef = BD5A5BAD28A95C56004C4212 /* ToDoAppSampleUITestsLaunchTests.swift */; };
		BD5A5BBB28A95ED3004C4212 /* ToDoTableViewController.swift in Sources */ = {isa = PBXBuildFile; fileRef = BD5A5BBA28A95ED3004C4212 /* ToDoTableViewController.swift */; };
		BD5A5BBD28A95F13004C4212 /* ToDo.swift in Sources */ = {isa = PBXBuildFile; fileRef = BD5A5BBC28A95F13004C4212 /* ToDo.swift */; };
		BD5A5BBF28A964ED004C4212 /* AddToDoViewController.swift in Sources */ = {isa = PBXBuildFile; fileRef = BD5A5BBE28A964ED004C4212 /* AddToDoViewController.swift */; };
		BD5A5BC328A96ACA004C4212 /* CompleteToDoViewController.swift in Sources */ = {isa = PBXBuildFile; fileRef = BD5A5BC228A96ACA004C4212 /* CompleteToDoViewController.swift */; };
/* End PBXBuildFile section */

/* Begin PBXContainerItemProxy section */
		BD5A5B9E28A95C56004C4212 /* PBXContainerItemProxy */ = {
			isa = PBXContainerItemProxy;
			containerPortal = BD5A5B7C28A95C53004C4212 /* Project object */;
			proxyType = 1;
			remoteGlobalIDString = BD5A5B8328A95C53004C4212;
			remoteInfo = ToDoAppSample;
		};
		BD5A5BA828A95C56004C4212 /* PBXContainerItemProxy */ = {
			isa = PBXContainerItemProxy;
			containerPortal = BD5A5B7C28A95C53004C4212 /* Project object */;
			proxyType = 1;
			remoteGlobalIDString = BD5A5B8328A95C53004C4212;
			remoteInfo = ToDoAppSample;
		};
/* End PBXContainerItemProxy section */

/* Begin PBXFileReference section */
		BD5A5B8428A95C53004C4212 /* ToDoAppSample.app */ = {isa = PBXFileReference; explicitFileType = wrapper.application; includeInIndex = 0; path = ToDoAppSample.app; sourceTree = BUILT_PRODUCTS_DIR; };
		BD5A5B8728A95C53004C4212 /* AppDelegate.swift */ = {isa = PBXFileReference; lastKnownFileType = sourcecode.swift; path = AppDelegate.swift; sourceTree = "<group>"; };
		BD5A5B8928A95C53004C4212 /* SceneDelegate.swift */ = {isa = PBXFileReference; lastKnownFileType = sourcecode.swift; path = SceneDelegate.swift; sourceTree = "<group>"; };
		BD5A5B8E28A95C53004C4212 /* Base */ = {isa = PBXFileReference; lastKnownFileType = file.storyboard; name = Base; path = Base.lproj/Main.storyboard; sourceTree = "<group>"; };
		BD5A5B9128A95C53004C4212 /* ToDoAppSample.xcdatamodel */ = {isa = PBXFileReference; lastKnownFileType = wrapper.xcdatamodel; path = ToDoAppSample.xcdatamodel; sourceTree = "<group>"; };
		BD5A5B9328A95C55004C4212 /* Assets.xcassets */ = {isa = PBXFileReference; lastKnownFileType = folder.assetcatalog; path = Assets.xcassets; sourceTree = "<group>"; };
		BD5A5B9628A95C55004C4212 /* Base */ = {isa = PBXFileReference; lastKnownFileType = file.storyboard; name = Base; path = Base.lproj/LaunchScreen.storyboard; sourceTree = "<group>"; };
		BD5A5B9828A95C55004C4212 /* Info.plist */ = {isa = PBXFileReference; lastKnownFileType = text.plist.xml; path = Info.plist; sourceTree = "<group>"; };
		BD5A5B9D28A95C56004C4212 /* ToDoAppSampleTests.xctest */ = {isa = PBXFileReference; explicitFileType = wrapper.cfbundle; includeInIndex = 0; path = ToDoAppSampleTests.xctest; sourceTree = BUILT_PRODUCTS_DIR; };
		BD5A5BA128A95C56004C4212 /* ToDoAppSampleTests.swift */ = {isa = PBXFileReference; lastKnownFileType = sourcecode.swift; path = ToDoAppSampleTests.swift; sourceTree = "<group>"; };
		BD5A5BA728A95C56004C4212 /* ToDoAppSampleUITests.xctest */ = {isa = PBXFileReference; explicitFileType = wrapper.cfbundle; includeInIndex = 0; path = ToDoAppSampleUITests.xctest; sourceTree = BUILT_PRODUCTS_DIR; };
		BD5A5BAB28A95C56004C4212 /* ToDoAppSampleUITests.swift */ = {isa = PBXFileReference; lastKnownFileType = sourcecode.swift; path = ToDoAppSampleUITests.swift; sourceTree = "<group>"; };
		BD5A5BAD28A95C56004C4212 /* ToDoAppSampleUITestsLaunchTests.swift */ = {isa = PBXFileReference; lastKnownFileType = sourcecode.swift; path = ToDoAppSampleUITestsLaunchTests.swift; sourceTree = "<group>"; };
		BD5A5BBA28A95ED3004C4212 /* ToDoTableViewController.swift */ = {isa = PBXFileReference; lastKnownFileType = sourcecode.swift; path = ToDoTableViewController.swift; sourceTree = "<group>"; };
		BD5A5BBC28A95F13004C4212 /* ToDo.swift */ = {isa = PBXFileReference; lastKnownFileType = sourcecode.swift; path = ToDo.swift; sourceTree = "<group>"; };
		BD5A5BBE28A964ED004C4212 /* AddToDoViewController.swift */ = {isa = PBXFileReference; lastKnownFileType = sourcecode.swift; path = AddToDoViewController.swift; sourceTree = "<group>"; };
		BD5A5BC228A96ACA004C4212 /* CompleteToDoViewController.swift */ = {isa = PBXFileReference; lastKnownFileType = sourcecode.swift; path = CompleteToDoViewController.swift; sourceTree = "<group>"; };
/* End PBXFileReference section */

/* Begin PBXFrameworksBuildPhase section */
		BD5A5B8128A95C53004C4212 /* Frameworks */ = {
			isa = PBXFrameworksBuildPhase;
			buildActionMask = 2147483647;
			files = (
			);
			runOnlyForDeploymentPostprocessing = 0;
		};
		BD5A5B9A28A95C56004C4212 /* Frameworks */ = {
			isa = PBXFrameworksBuildPhase;
			buildActionMask = 2147483647;
			files = (
			);
			runOnlyForDeploymentPostprocessing = 0;
		};
		BD5A5BA428A95C56004C4212 /* Frameworks */ = {
			isa = PBXFrameworksBuildPhase;
			buildActionMask = 2147483647;
			files = (
			);
			runOnlyForDeploymentPostprocessing = 0;
		};
/* End PBXFrameworksBuildPhase section */

/* Begin PBXGroup section */
		BD5A5B7B28A95C53004C4212 = {
			isa = PBXGroup;
			children = (
				BD5A5B8628A95C53004C4212 /* ToDoAppSample */,
				BD5A5BA028A95C56004C4212 /* ToDoAppSampleTests */,
				BD5A5BAA28A95C56004C4212 /* ToDoAppSampleUITests */,
				BD5A5B8528A95C53004C4212 /* Products */,
			);
			sourceTree = "<group>";
		};
		BD5A5B8528A95C53004C4212 /* Products */ = {
			isa = PBXGroup;
			children = (
				BD5A5B8428A95C53004C4212 /* ToDoAppSample.app */,
				BD5A5B9D28A95C56004C4212 /* ToDoAppSampleTests.xctest */,
				BD5A5BA728A95C56004C4212 /* ToDoAppSampleUITests.xctest */,
			);
			name = Products;
			sourceTree = "<group>";
		};
		BD5A5B8628A95C53004C4212 /* ToDoAppSample */ = {
			isa = PBXGroup;
			children = (
				BD5A5B8728A95C53004C4212 /* AppDelegate.swift */,
				BD5A5B8928A95C53004C4212 /* SceneDelegate.swift */,
				BD5A5B8D28A95C53004C4212 /* Main.storyboard */,
				BD5A5BBA28A95ED3004C4212 /* ToDoTableViewController.swift */,
				BD5A5BBE28A964ED004C4212 /* AddToDoViewController.swift */,
				BD5A5BC228A96ACA004C4212 /* CompleteToDoViewController.swift */,
				BD5A5BBC28A95F13004C4212 /* ToDo.swift */,
				BD5A5B9328A95C55004C4212 /* Assets.xcassets */,
				BD5A5B9528A95C55004C4212 /* LaunchScreen.storyboard */,
				BD5A5B9828A95C55004C4212 /* Info.plist */,
				BD5A5B9028A95C53004C4212 /* ToDoAppSample.xcdatamodeld */,
			);
			path = ToDoAppSample;
			sourceTree = "<group>";
		};
		BD5A5BA028A95C56004C4212 /* ToDoAppSampleTests */ = {
			isa = PBXGroup;
			children = (
				BD5A5BA128A95C56004C4212 /* ToDoAppSampleTests.swift */,
			);
			path = ToDoAppSampleTests;
			sourceTree = "<group>";
		};
		BD5A5BAA28A95C56004C4212 /* ToDoAppSampleUITests */ = {
			isa = PBXGroup;
			children = (
				BD5A5BAB28A95C56004C4212 /* ToDoAppSampleUITests.swift */,
				BD5A5BAD28A95C56004C4212 /* ToDoAppSampleUITestsLaunchTests.swift */,
			);
			path = ToDoAppSampleUITests;
			sourceTree = "<group>";
		};
/* End PBXGroup section */

/* Begin PBXNativeTarget section */
		BD5A5B8328A95C53004C4212 /* ToDoAppSample */ = {
			isa = PBXNativeTarget;
			buildConfigurationList = BD5A5BB128A95C56004C4212 /* Build configuration list for PBXNativeTarget "ToDoAppSample" */;
			buildPhases = (
				BD5A5B8028A95C53004C4212 /* Sources */,
				BD5A5B8128A95C53004C4212 /* Frameworks */,
				BD5A5B8228A95C53004C4212 /* Resources */,
			);
			buildRules = (
			);
			dependencies = (
			);
			name = ToDoAppSample;
			productName = ToDoAppSample;
			productReference = BD5A5B8428A95C53004C4212 /* ToDoAppSample.app */;
			productType = "com.apple.product-type.application";
		};
		BD5A5B9C28A95C56004C4212 /* ToDoAppSampleTests */ = {
			isa = PBXNativeTarget;
			buildConfigurationList = BD5A5BB428A95C56004C4212 /* Build configuration list for PBXNativeTarget "ToDoAppSampleTests" */;
			buildPhases = (
				BD5A5B9928A95C56004C4212 /* Sources */,
				BD5A5B9A28A95C56004C4212 /* Frameworks */,
				BD5A5B9B28A95C56004C4212 /* Resources */,
			);
			buildRules = (
			);
			dependencies = (
				BD5A5B9F28A95C56004C4212 /* PBXTargetDependency */,
			);
			name = ToDoAppSampleTests;
			productName = ToDoAppSampleTests;
			productReference = BD5A5B9D28A95C56004C4212 /* ToDoAppSampleTests.xctest */;
			productType = "com.apple.product-type.bundle.unit-test";
		};
		BD5A5BA628A95C56004C4212 /* ToDoAppSampleUITests */ = {
			isa = PBXNativeTarget;
			buildConfigurationList = BD5A5BB728A95C56004C4212 /* Build configuration list for PBXNativeTarget "ToDoAppSampleUITests" */;
			buildPhases = (
				BD5A5BA328A95C56004C4212 /* Sources */,
				BD5A5BA428A95C56004C4212 /* Frameworks */,
				BD5A5BA528A95C56004C4212 /* Resources */,
			);
			buildRules = (
			);
			dependencies = (
				BD5A5BA928A95C56004C4212 /* PBXTargetDependency */,
			);
			name = ToDoAppSampleUITests;
			productName = ToDoAppSampleUITests;
			productReference = BD5A5BA728A95C56004C4212 /* ToDoAppSampleUITests.xctest */;
			productType = "com.apple.product-type.bundle.ui-testing";
		};
/* End PBXNativeTarget section */

/* Begin PBXProject section */
		BD5A5B7C28A95C53004C4212 /* Project object */ = {
			isa = PBXProject;
			attributes = {
				BuildIndependentTargetsInParallel = 1;
				LastSwiftUpdateCheck = 1340;
				LastUpgradeCheck = 1340;
				TargetAttributes = {
					BD5A5B8328A95C53004C4212 = {
						CreatedOnToolsVersion = 13.4.1;
					};
					BD5A5B9C28A95C56004C4212 = {
						CreatedOnToolsVersion = 13.4.1;
						TestTargetID = BD5A5B8328A95C53004C4212;
					};
					BD5A5BA628A95C56004C4212 = {
						CreatedOnToolsVersion = 13.4.1;
						TestTargetID = BD5A5B8328A95C53004C4212;
					};
				};
			};
			buildConfigurationList = BD5A5B7F28A95C53004C4212 /* Build configuration list for PBXProject "ToDoAppSample" */;
			compatibilityVersion = "Xcode 13.0";
			developmentRegion = en;
			hasScannedForEncodings = 0;
			knownRegions = (
				en,
				Base,
			);
			mainGroup = BD5A5B7B28A95C53004C4212;
			productRefGroup = BD5A5B8528A95C53004C4212 /* Products */;
			projectDirPath = "";
			projectRoot = "";
			targets = (
				BD5A5B8328A95C53004C4212 /* ToDoAppSample */,
				BD5A5B9C28A95C56004C4212 /* ToDoAppSampleTests */,
				BD5A5BA628A95C56004C4212 /* ToDoAppSampleUITests */,
			);
		};
/* End PBXProject section */

/* Begin PBXResourcesBuildPhase section */
		BD5A5B8228A95C53004C4212 /* Resources */ = {
			isa = PBXResourcesBuildPhase;
			buildActionMask = 2147483647;
			files = (
				BD5A5B9728A95C55004C4212 /* LaunchScreen.storyboard in Resources */,
				BD5A5B9428A95C55004C4212 /* Assets.xcassets in Resources */,
				BD5A5B8F28A95C53004C4212 /* Main.storyboard in Resources */,
			);
			runOnlyForDeploymentPostprocessing = 0;
		};
		BD5A5B9B28A95C56004C4212 /* Resources */ = {
			isa = PBXResourcesBuildPhase;
			buildActionMask = 2147483647;
			files = (
			);
			runOnlyForDeploymentPostprocessing = 0;
		};
		BD5A5BA528A95C56004C4212 /* Resources */ = {
			isa = PBXResourcesBuildPhase;
			buildActionMask = 2147483647;
			files = (
			);
			runOnlyForDeploymentPostprocessing = 0;
		};
/* End PBXResourcesBuildPhase section */

/* Begin PBXSourcesBuildPhase section */
		BD5A5B8028A95C53004C4212 /* Sources */ = {
			isa = PBXSourcesBuildPhase;
			buildActionMask = 2147483647;
			files = (
				BD5A5B8828A95C53004C4212 /* AppDelegate.swift in Sources */,
				BD5A5BBD28A95F13004C4212 /* ToDo.swift in Sources */,
				BD5A5BBB28A95ED3004C4212 /* ToDoTableViewController.swift in Sources */,
				BD5A5BC328A96ACA004C4212 /* CompleteToDoViewController.swift in Sources */,
				BD5A5B8A28A95C53004C4212 /* SceneDelegate.swift in Sources */,
				BD5A5BBF28A964ED004C4212 /* AddToDoViewController.swift in Sources */,
				BD5A5B9228A95C53004C4212 /* ToDoAppSample.xcdatamodeld in Sources */,
			);
			runOnlyForDeploymentPostprocessing = 0;
		};
		BD5A5B9928A95C56004C4212 /* Sources */ = {
			isa = PBXSourcesBuildPhase;
			buildActionMask = 2147483647;
			files = (
				BD5A5BA228A95C56004C4212 /* ToDoAppSampleTests.swift in Sources */,
			);
			runOnlyForDeploymentPostprocessing = 0;
		};
		BD5A5BA328A95C56004C4212 /* Sources */ = {
			isa = PBXSourcesBuildPhase;
			buildActionMask = 2147483647;
			files = (
				BD5A5BAE28A95C56004C4212 /* ToDoAppSampleUITestsLaunchTests.swift in Sources */,
				BD5A5BAC28A95C56004C4212 /* ToDoAppSampleUITests.swift in Sources */,
			);
			runOnlyForDeploymentPostprocessing = 0;
		};
/* End PBXSourcesBuildPhase section */

/* Begin PBXTargetDependency section */
		BD5A5B9F28A95C56004C4212 /* PBXTargetDependency */ = {
			isa = PBXTargetDependency;
			target = BD5A5B8328A95C53004C4212 /* ToDoAppSample */;
			targetProxy = BD5A5B9E28A95C56004C4212 /* PBXContainerItemProxy */;
		};
		BD5A5BA928A95C56004C4212 /* PBXTargetDependency */ = {
			isa = PBXTargetDependency;
			target = BD5A5B8328A95C53004C4212 /* ToDoAppSample */;
			targetProxy = BD5A5BA828A95C56004C4212 /* PBXContainerItemProxy */;
		};
/* End PBXTargetDependency section */

/* Begin PBXVariantGroup section */
		BD5A5B8D28A95C53004C4212 /* Main.storyboard */ = {
			isa = PBXVariantGroup;
			children = (
				BD5A5B8E28A95C53004C4212 /* Base */,
			);
			name = Main.storyboard;
			sourceTree = "<group>";
		};
		BD5A5B9528A95C55004C4212 /* LaunchScreen.storyboard */ = {
			isa = PBXVariantGroup;
			children = (
				BD5A5B9628A95C55004C4212 /* Base */,
			);
			name = LaunchScreen.storyboard;
			sourceTree = "<group>";
		};
/* End PBXVariantGroup section */

/* Begin XCBuildConfiguration section */
		BD5A5BAF28A95C56004C4212 /* Debug */ = {
			isa = XCBuildConfiguration;
			buildSettings = {
				ALWAYS_SEARCH_USER_PATHS = NO;
				CLANG_ANALYZER_NONNULL = YES;
				CLANG_ANALYZER_NUMBER_OBJECT_CONVERSION = YES_AGGRESSIVE;
				CLANG_CXX_LANGUAGE_STANDARD = "gnu++17";
				CLANG_ENABLE_MODULES = YES;
				CLANG_ENABLE_OBJC_ARC = YES;
				CLANG_ENABLE_OBJC_WEAK = YES;
				CLANG_WARN_BLOCK_CAPTURE_AUTORELEASING = YES;
				CLANG_WARN_BOOL_CONVERSION = YES;
				CLANG_WARN_COMMA = YES;
				CLANG_WARN_CONSTANT_CONVERSION = YES;
				CLANG_WARN_DEPRECATED_OBJC_IMPLEMENTATIONS = YES;
				CLANG_WARN_DIRECT_OBJC_ISA_USAGE = YES_ERROR;
				CLANG_WARN_DOCUMENTATION_COMMENTS = YES;
				CLANG_WARN_EMPTY_BODY = YES;
				CLANG_WARN_ENUM_CONVERSION = YES;
				CLANG_WARN_INFINITE_RECURSION = YES;
				CLANG_WARN_INT_CONVERSION = YES;
				CLANG_WARN_NON_LITERAL_NULL_CONVERSION = YES;
				CLANG_WARN_OBJC_IMPLICIT_RETAIN_SELF = YES;
				CLANG_WARN_OBJC_LITERAL_CONVERSION = YES;
				CLANG_WARN_OBJC_ROOT_CLASS = YES_ERROR;
				CLANG_WARN_QUOTED_INCLUDE_IN_FRAMEWORK_HEADER = YES;
				CLANG_WARN_RANGE_LOOP_ANALYSIS = YES;
				CLANG_WARN_STRICT_PROTOTYPES = YES;
				CLANG_WARN_SUSPICIOUS_MOVE = YES;
				CLANG_WARN_UNGUARDED_AVAILABILITY = YES_AGGRESSIVE;
				CLANG_WARN_UNREACHABLE_CODE = YES;
				CLANG_WARN__DUPLICATE_METHOD_MATCH = YES;
				COPY_PHASE_STRIP = NO;
				DEBUG_INFORMATION_FORMAT = dwarf;
				ENABLE_STRICT_OBJC_MSGSEND = YES;
				ENABLE_TESTABILITY = YES;
				GCC_C_LANGUAGE_STANDARD = gnu11;
				GCC_DYNAMIC_NO_PIC = NO;
				GCC_NO_COMMON_BLOCKS = YES;
				GCC_OPTIMIZATION_LEVEL = 0;
				GCC_PREPROCESSOR_DEFINITIONS = (
					"DEBUG=1",
					"$(inherited)",
				);
				GCC_WARN_64_TO_32_BIT_CONVERSION = YES;
				GCC_WARN_ABOUT_RETURN_TYPE = YES_ERROR;
				GCC_WARN_UNDECLARED_SELECTOR = YES;
				GCC_WARN_UNINITIALIZED_AUTOS = YES_AGGRESSIVE;
				GCC_WARN_UNUSED_FUNCTION = YES;
				GCC_WARN_UNUSED_VARIABLE = YES;
				IPHONEOS_DEPLOYMENT_TARGET = 15.5;
				MTL_ENABLE_DEBUG_INFO = INCLUDE_SOURCE;
				MTL_FAST_MATH = YES;
				ONLY_ACTIVE_ARCH = YES;
				SDKROOT = iphoneos;
				SWIFT_ACTIVE_COMPILATION_CONDITIONS = DEBUG;
				SWIFT_OPTIMIZATION_LEVEL = "-Onone";
			};
			name = Debug;
		};
		BD5A5BB028A95C56004C4212 /* Release */ = {
			isa = XCBuildConfiguration;
			buildSettings = {
				ALWAYS_SEARCH_USER_PATHS = NO;
				CLANG_ANALYZER_NONNULL = YES;
				CLANG_ANALYZER_NUMBER_OBJECT_CONVERSION = YES_AGGRESSIVE;
				CLANG_CXX_LANGUAGE_STANDARD = "gnu++17";
				CLANG_ENABLE_MODULES = YES;
				CLANG_ENABLE_OBJC_ARC = YES;
				CLANG_ENABLE_OBJC_WEAK = YES;
				CLANG_WARN_BLOCK_CAPTURE_AUTORELEASING = YES;
				CLANG_WARN_BOOL_CONVERSION = YES;
				CLANG_WARN_COMMA = YES;
				CLANG_WARN_CONSTANT_CONVERSION = YES;
				CLANG_WARN_DEPRECATED_OBJC_IMPLEMENTATIONS = YES;
				CLANG_WARN_DIRECT_OBJC_ISA_USAGE = YES_ERROR;
				CLANG_WARN_DOCUMENTATION_COMMENTS = YES;
				CLANG_WARN_EMPTY_BODY = YES;
				CLANG_WARN_ENUM_CONVERSION = YES;
				CLANG_WARN_INFINITE_RECURSION = YES;
				CLANG_WARN_INT_CONVERSION = YES;
				CLANG_WARN_NON_LITERAL_NULL_CONVERSION = YES;
				CLANG_WARN_OBJC_IMPLICIT_RETAIN_SELF = YES;
				CLANG_WARN_OBJC_LITERAL_CONVERSION = YES;
				CLANG_WARN_OBJC_ROOT_CLASS = YES_ERROR;
				CLANG_WARN_QUOTED_INCLUDE_IN_FRAMEWORK_HEADER = YES;
				CLANG_WARN_RANGE_LOOP_ANALYSIS = YES;
				CLANG_WARN_STRICT_PROTOTYPES = YES;
				CLANG_WARN_SUSPICIOUS_MOVE = YES;
				CLANG_WARN_UNGUARDED_AVAILABILITY = YES_AGGRESSIVE;
				CLANG_WARN_UNREACHABLE_CODE = YES;
				CLANG_WARN__DUPLICATE_METHOD_MATCH = YES;
				COPY_PHASE_STRIP = NO;
				DEBUG_INFORMATION_FORMAT = "dwarf-with-dsym";
				ENABLE_NS_ASSERTIONS = NO;
				ENABLE_STRICT_OBJC_MSGSEND = YES;
				GCC_C_LANGUAGE_STANDARD = gnu11;
				GCC_NO_COMMON_BLOCKS = YES;
				GCC_WARN_64_TO_32_BIT_CONVERSION = YES;
				GCC_WARN_ABOUT_RETURN_TYPE = YES_ERROR;
				GCC_WARN_UNDECLARED_SELECTOR = YES;
				GCC_WARN_UNINITIALIZED_AUTOS = YES_AGGRESSIVE;
				GCC_WARN_UNUSED_FUNCTION = YES;
				GCC_WARN_UNUSED_VARIABLE = YES;
				IPHONEOS_DEPLOYMENT_TARGET = 15.5;
				MTL_ENABLE_DEBUG_INFO = NO;
				MTL_FAST_MATH = YES;
				SDKROOT = iphoneos;
				SWIFT_COMPILATION_MODE = wholemodule;
				SWIFT_OPTIMIZATION_LEVEL = "-O";
				VALIDATE_PRODUCT = YES;
			};
			name = Release;
		};
		BD5A5BB228A95C56004C4212 /* Debug */ = {
			isa = XCBuildConfiguration;
			buildSettings = {
				ASSETCATALOG_COMPILER_APPICON_NAME = AppIcon;
				ASSETCATALOG_COMPILER_GLOBAL_ACCENT_COLOR_NAME = AccentColor;
				CODE_SIGN_STYLE = Automatic;
				CURRENT_PROJECT_VERSION = 1;
				DEVELOPMENT_TEAM = 78P4J8W96D;
				GENERATE_INFOPLIST_FILE = YES;
				INFOPLIST_FILE = ToDoAppSample/Info.plist;
				INFOPLIST_KEY_UIApplicationSupportsIndirectInputEvents = YES;
				INFOPLIST_KEY_UILaunchStoryboardName = LaunchScreen;
				INFOPLIST_KEY_UIMainStoryboardFile = Main;
				INFOPLIST_KEY_UISupportedInterfaceOrientations_iPad = "UIInterfaceOrientationPortrait UIInterfaceOrientationPortraitUpsideDown UIInterfaceOrientationLandscapeLeft UIInterfaceOrientationLandscapeRight";
				INFOPLIST_KEY_UISupportedInterfaceOrientations_iPhone = "UIInterfaceOrientationPortrait UIInterfaceOrientationLandscapeLeft UIInterfaceOrientationLandscapeRight";
				LD_RUNPATH_SEARCH_PATHS = (
					"$(inherited)",
					"@executable_path/Frameworks",
				);
				MARKETING_VERSION = 1.0;
				PRODUCT_BUNDLE_IDENTIFIER = com.HannahKim.ToDoAppSample;
				PRODUCT_NAME = "$(TARGET_NAME)";
				SWIFT_EMIT_LOC_STRINGS = YES;
				SWIFT_VERSION = 5.0;
				TARGETED_DEVICE_FAMILY = "1,2";
			};
			name = Debug;
		};
		BD5A5BB328A95C56004C4212 /* Release */ = {
			isa = XCBuildConfiguration;
			buildSettings = {
				ASSETCATALOG_COMPILER_APPICON_NAME = AppIcon;
				ASSETCATALOG_COMPILER_GLOBAL_ACCENT_COLOR_NAME = AccentColor;
				CODE_SIGN_STYLE = Automatic;
				CURRENT_PROJECT_VERSION = 1;
				DEVELOPMENT_TEAM = 78P4J8W96D;
				GENERATE_INFOPLIST_FILE = YES;
				INFOPLIST_FILE = ToDoAppSample/Info.plist;
				INFOPLIST_KEY_UIApplicationSupportsIndirectInputEvents = YES;
				INFOPLIST_KEY_UILaunchStoryboardName = LaunchScreen;
				INFOPLIST_KEY_UIMainStoryboardFile = Main;
				INFOPLIST_KEY_UISupportedInterfaceOrientations_iPad = "UIInterfaceOrientationPortrait UIInterfaceOrientationPortraitUpsideDown UIInterfaceOrientationLandscapeLeft UIInterfaceOrientationLandscapeRight";
				INFOPLIST_KEY_UISupportedInterfaceOrientations_iPhone = "UIInterfaceOrientationPortrait UIInterfaceOrientationLandscapeLeft UIInterfaceOrientationLandscapeRight";
				LD_RUNPATH_SEARCH_PATHS = (
					"$(inherited)",
					"@executable_path/Frameworks",
				);
				MARKETING_VERSION = 1.0;
				PRODUCT_BUNDLE_IDENTIFIER = com.HannahKim.ToDoAppSample;
				PRODUCT_NAME = "$(TARGET_NAME)";
				SWIFT_EMIT_LOC_STRINGS = YES;
				SWIFT_VERSION = 5.0;
				TARGETED_DEVICE_FAMILY = "1,2";
			};
			name = Release;
		};
		BD5A5BB528A95C56004C4212 /* Debug */ = {
			isa = XCBuildConfiguration;
			buildSettings = {
				ALWAYS_EMBED_SWIFT_STANDARD_LIBRARIES = YES;
				BUNDLE_LOADER = "$(TEST_HOST)";
				CODE_SIGN_STYLE = Automatic;
				CURRENT_PROJECT_VERSION = 1;
				DEVELOPMENT_TEAM = 78P4J8W96D;
				GENERATE_INFOPLIST_FILE = YES;
				IPHONEOS_DEPLOYMENT_TARGET = 15.5;
				MARKETING_VERSION = 1.0;
				PRODUCT_BUNDLE_IDENTIFIER = com.HannahKim.ToDoAppSampleTests;
				PRODUCT_NAME = "$(TARGET_NAME)";
				SWIFT_EMIT_LOC_STRINGS = NO;
				SWIFT_VERSION = 5.0;
				TARGETED_DEVICE_FAMILY = "1,2";
				TEST_HOST = "$(BUILT_PRODUCTS_DIR)/ToDoAppSample.app/ToDoAppSample";
			};
			name = Debug;
		};
		BD5A5BB628A95C56004C4212 /* Release */ = {
			isa = XCBuildConfiguration;
			buildSettings = {
				ALWAYS_EMBED_SWIFT_STANDARD_LIBRARIES = YES;
				BUNDLE_LOADER = "$(TEST_HOST)";
				CODE_SIGN_STYLE = Automatic;
				CURRENT_PROJECT_VERSION = 1;
				DEVELOPMENT_TEAM = 78P4J8W96D;
				GENERATE_INFOPLIST_FILE = YES;
				IPHONEOS_DEPLOYMENT_TARGET = 15.5;
				MARKETING_VERSION = 1.0;
				PRODUCT_BUNDLE_IDENTIFIER = com.HannahKim.ToDoAppSampleTests;
				PRODUCT_NAME = "$(TARGET_NAME)";
				SWIFT_EMIT_LOC_STRINGS = NO;
				SWIFT_VERSION = 5.0;
				TARGETED_DEVICE_FAMILY = "1,2";
				TEST_HOST = "$(BUILT_PRODUCTS_DIR)/ToDoAppSample.app/ToDoAppSample";
			};
			name = Release;
		};
		BD5A5BB828A95C56004C4212 /* Debug */ = {
			isa = XCBuildConfiguration;
			buildSettings = {
				ALWAYS_EMBED_SWIFT_STANDARD_LIBRARIES = YES;
				CODE_SIGN_STYLE = Automatic;
				CURRENT_PROJECT_VERSION = 1;
				DEVELOPMENT_TEAM = 78P4J8W96D;
				GENERATE_INFOPLIST_FILE = YES;
				MARKETING_VERSION = 1.0;
				PRODUCT_BUNDLE_IDENTIFIER = com.HannahKim.ToDoAppSampleUITests;
				PRODUCT_NAME = "$(TARGET_NAME)";
				SWIFT_EMIT_LOC_STRINGS = NO;
				SWIFT_VERSION = 5.0;
				TARGETED_DEVICE_FAMILY = "1,2";
				TEST_TARGET_NAME = ToDoAppSample;
			};
			name = Debug;
		};
		BD5A5BB928A95C56004C4212 /* Release */ = {
			isa = XCBuildConfiguration;
			buildSettings = {
				ALWAYS_EMBED_SWIFT_STANDARD_LIBRARIES = YES;
				CODE_SIGN_STYLE = Automatic;
				CURRENT_PROJECT_VERSION = 1;
				DEVELOPMENT_TEAM = 78P4J8W96D;
				GENERATE_INFOPLIST_FILE = YES;
				MARKETING_VERSION = 1.0;
				PRODUCT_BUNDLE_IDENTIFIER = com.HannahKim.ToDoAppSampleUITests;
				PRODUCT_NAME = "$(TARGET_NAME)";
				SWIFT_EMIT_LOC_STRINGS = NO;
				SWIFT_VERSION = 5.0;
				TARGETED_DEVICE_FAMILY = "1,2";
				TEST_TARGET_NAME = ToDoAppSample;
			};
			name = Release;
		};
/* End XCBuildConfiguration section */

/* Begin XCConfigurationList section */
		BD5A5B7F28A95C53004C4212 /* Build configuration list for PBXProject "ToDoAppSample" */ = {
			isa = XCConfigurationList;
			buildConfigurations = (
				BD5A5BAF28A95C56004C4212 /* Debug */,
				BD5A5BB028A95C56004C4212 /* Release */,
			);
			defaultConfigurationIsVisible = 0;
			defaultConfigurationName = Release;
		};
		BD5A5BB128A95C56004C4212 /* Build configuration list for PBXNativeTarget "ToDoAppSample" */ = {
			isa = XCConfigurationList;
			buildConfigurations = (
				BD5A5BB228A95C56004C4212 /* Debug */,
				BD5A5BB328A95C56004C4212 /* Release */,
			);
			defaultConfigurationIsVisible = 0;
			defaultConfigurationName = Release;
		};
		BD5A5BB428A95C56004C4212 /* Build configuration list for PBXNativeTarget "ToDoAppSampleTests" */ = {
			isa = XCConfigurationList;
			buildConfigurations = (
				BD5A5BB528A95C56004C4212 /* Debug */,
				BD5A5BB628A95C56004C4212 /* Release */,
			);
			defaultConfigurationIsVisible = 0;
			defaultConfigurationName = Release;
		};
		BD5A5BB728A95C56004C4212 /* Build configuration list for PBXNativeTarget "ToDoAppSampleUITests" */ = {
			isa = XCConfigurationList;
			buildConfigurations = (
				BD5A5BB828A95C56004C4212 /* Debug */,
				BD5A5BB928A95C56004C4212 /* Release */,
			);
			defaultConfigurationIsVisible = 0;
			defaultConfigurationName = Release;
		};
/* End XCConfigurationList section */

/* Begin XCVersionGroup section */
		BD5A5B9028A95C53004C4212 /* ToDoAppSample.xcdatamodeld */ = {
			isa = XCVersionGroup;
			children = (
				BD5A5B9128A95C53004C4212 /* ToDoAppSample.xcdatamodel */,
			);
			currentVersion = BD5A5B9128A95C53004C4212 /* ToDoAppSample.xcdatamodel */;
			path = ToDoAppSample.xcdatamodeld;
			sourceTree = "<group>";
			versionGroupType = wrapper.xcdatamodel;
		};
/* End XCVersionGroup section */
	};
	rootObject = BD5A5B7C28A95C53004C4212 /* Project object */;
}
